
Microsoft Visual Studio Solution File, Format Version 12.00
# Visual Studio Version 17
VisualStudioVersion = 17.7.34031.279
MinimumVisualStudioVersion = 10.0.40219.1
Project("{FAE04EC0-301F-11D3-BF4B-00C04F79EFBC}") = "SalesWebMvc", "SalesWebMvc\SalesWebMvc.csproj", "{9A0D3267-C69F-429F-886F-BA2244BBF285}"
EndProject
Global
	GlobalSection(SolutionConfigurationPlatforms) = preSolution
		Debug|Any CPU = Debug|Any CPU
		Release|Any CPU = Release|Any CPU
	EndGlobalSection
	GlobalSection(ProjectConfigurationPlatforms) = postSolution
		{9A0D3267-C69F-429F-886F-BA2244BBF285}.Debug|Any CPU.ActiveCfg = Debug|Any CPU
		{9A0D3267-C69F-429F-886F-BA2244BBF285}.Debug|Any CPU.Build.0 = Debug|Any CPU
		{9A0D3267-C69F-429F-886F-BA2244BBF285}.Release|Any CPU.ActiveCfg = Release|Any CPU
		{9A0D3267-C69F-429F-886F-BA2244BBF285}.Release|Any CPU.Build.0 = Release|Any CPU
	EndGlobalSection
	GlobalSection(SolutionProperties) = preSolution
		HideSolutionNode = FALSE
	EndGlobalSection
	GlobalSection(ExtensibilityGlobals) = postSolution
		SolutionGuid = {FFA6B7CF-2B33-4110-94ED-7B7089E3A85E}
	EndGlobalSection
EndGlobal
